// !$*UTF8*$!
{
	archiveVersion = 1;
	classes = {
	};
	objectVersion = 55;
	objects = {

/* Begin PBXBuildFile section */
		041F370528BA594E00E70121 /* SwipeImagesApp.swift in Sources */ = {isa = PBXBuildFile; fileRef = 041F370428BA594E00E70121 /* SwipeImagesApp.swift */; };
		041F370728BA594E00E70121 /* ContentView.swift in Sources */ = {isa = PBXBuildFile; fileRef = 041F370628BA594E00E70121 /* ContentView.swift */; };
		041F370928BA595200E70121 /* Assets.xcassets in Resources */ = {isa = PBXBuildFile; fileRef = 041F370828BA595200E70121 /* Assets.xcassets */; };
		041F370C28BA595200E70121 /* Preview Assets.xcassets in Resources */ = {isa = PBXBuildFile; fileRef = 041F370B28BA595200E70121 /* Preview Assets.xcassets */; };
		041F371628BA595300E70121 /* SwipeImagesTests.swift in Sources */ = {isa = PBXBuildFile; fileRef = 041F371528BA595300E70121 /* SwipeImagesTests.swift */; };
		041F372028BA595300E70121 /* SwipeImagesUITests.swift in Sources */ = {isa = PBXBuildFile; fileRef = 041F371F28BA595300E70121 /* SwipeImagesUITests.swift */; };
		041F372228BA595300E70121 /* SwipeImagesUITestsLaunchTests.swift in Sources */ = {isa = PBXBuildFile; fileRef = 041F372128BA595300E70121 /* SwipeImagesUITestsLaunchTests.swift */; };
/* End PBXBuildFile section */

/* Begin PBXContainerItemProxy section */
		041F371228BA595300E70121 /* PBXContainerItemProxy */ = {
			isa = PBXContainerItemProxy;
			containerPortal = 041F36F928BA594E00E70121 /* Project object */;
			proxyType = 1;
			remoteGlobalIDString = 041F370028BA594E00E70121;
			remoteInfo = SwipeImages;
		};
		041F371C28BA595300E70121 /* PBXContainerItemProxy */ = {
			isa = PBXContainerItemProxy;
			containerPortal = 041F36F928BA594E00E70121 /* Project object */;
			proxyType = 1;
			remoteGlobalIDString = 041F370028BA594E00E70121;
			remoteInfo = SwipeImages;
		};
/* End PBXContainerItemProxy section */

/* Begin PBXFileReference section */
		041F370128BA594E00E70121 /* SwipeImages.app */ = {isa = PBXFileReference; explicitFileType = wrapper.application; includeInIndex = 0; path = SwipeImages.app; sourceTree = BUILT_PRODUCTS_DIR; };
		041F370428BA594E00E70121 /* SwipeImagesApp.swift */ = {isa = PBXFileReference; lastKnownFileType = sourcecode.swift; path = SwipeImagesApp.swift; sourceTree = "<group>"; };
		041F370628BA594E00E70121 /* ContentView.swift */ = {isa = PBXFileReference; lastKnownFileType = sourcecode.swift; path = ContentView.swift; sourceTree = "<group>"; };
		041F370828BA595200E70121 /* Assets.xcassets */ = {isa = PBXFileReference; lastKnownFileType = folder.assetcatalog; path = Assets.xcassets; sourceTree = "<group>"; };
		041F370B28BA595200E70121 /* Preview Assets.xcassets */ = {isa = PBXFileReference; lastKnownFileType = folder.assetcatalog; path = "Preview Assets.xcassets"; sourceTree = "<group>"; };
		041F371128BA595300E70121 /* SwipeImagesTests.xctest */ = {isa = PBXFileReference; explicitFileType = wrapper.cfbundle; includeInIndex = 0; path = SwipeImagesTests.xctest; sourceTree = BUILT_PRODUCTS_DIR; };
		041F371528BA595300E70121 /* SwipeImagesTests.swift */ = {isa = PBXFileReference; lastKnownFileType = sourcecode.swift; path = SwipeImagesTests.swift; sourceTree = "<group>"; };
		041F371B28BA595300E70121 /* SwipeImagesUITests.xctest */ = {isa = PBXFileReference; explicitFileType = wrapper.cfbundle; includeInIndex = 0; path = SwipeImagesUITests.xctest; sourceTree = BUILT_PRODUCTS_DIR; };
		041F371F28BA595300E70121 /* SwipeImagesUITests.swift */ = {isa = PBXFileReference; lastKnownFileType = sourcecode.swift; path = SwipeImagesUITests.swift; sourceTree = "<group>"; };
		041F372128BA595300E70121 /* SwipeImagesUITestsLaunchTests.swift */ = {isa = PBXFileReference; lastKnownFileType = sourcecode.swift; path = SwipeImagesUITestsLaunchTests.swift; sourceTree = "<group>"; };
/* End PBXFileReference section */

/* Begin PBXFrameworksBuildPhase section */
		041F36FE28BA594E00E70121 /* Frameworks */ = {
			isa = PBXFrameworksBuildPhase;
			buildActionMask = 2147483647;
			files = (
			);
			runOnlyForDeploymentPostprocessing = 0;
		};
		041F370E28BA595300E70121 /* Frameworks */ = {
			isa = PBXFrameworksBuildPhase;
			buildActionMask = 2147483647;
			files = (
			);
			runOnlyForDeploymentPostprocessing = 0;
		};
		041F371828BA595300E70121 /* Frameworks */ = {
			isa = PBXFrameworksBuildPhase;
			buildActionMask = 2147483647;
			files = (
			);
			runOnlyForDeploymentPostprocessing = 0;
		};
/* End PBXFrameworksBuildPhase section */

/* Begin PBXGroup section */
		041F36F828BA594E00E70121 = {
			isa = PBXGroup;
			children = (
				041F370328BA594E00E70121 /* SwipeImages */,
				041F371428BA595300E70121 /* SwipeImagesTests */,
				041F371E28BA595300E70121 /* SwipeImagesUITests */,
				041F370228BA594E00E70121 /* Products */,
			);
			sourceTree = "<group>";
		};
		041F370228BA594E00E70121 /* Products */ = {
			isa = PBXGroup;
			children = (
				041F370128BA594E00E70121 /* SwipeImages.app */,
				041F371128BA595300E70121 /* SwipeImagesTests.xctest */,
				041F371B28BA595300E70121 /* SwipeImagesUITests.xctest */,
			);
			name = Products;
			sourceTree = "<group>";
		};
		041F370328BA594E00E70121 /* SwipeImages */ = {
			isa = PBXGroup;
			children = (
				041F370428BA594E00E70121 /* SwipeImagesApp.swift */,
				041F370628BA594E00E70121 /* ContentView.swift */,
				041F370828BA595200E70121 /* Assets.xcassets */,
				041F370A28BA595200E70121 /* Preview Content */,
			);
			path = SwipeImages;
			sourceTree = "<group>";
		};
		041F370A28BA595200E70121 /* Preview Content */ = {
			isa = PBXGroup;
			children = (
				041F370B28BA595200E70121 /* Preview Assets.xcassets */,
			);
			path = "Preview Content";
			sourceTree = "<group>";
		};
		041F371428BA595300E70121 /* SwipeImagesTests */ = {
			isa = PBXGroup;
			children = (
				041F371528BA595300E70121 /* SwipeImagesTests.swift */,
			);
			path = SwipeImagesTests;
			sourceTree = "<group>";
		};
		041F371E28BA595300E70121 /* SwipeImagesUITests */ = {
			isa = PBXGroup;
			children = (
				041F371F28BA595300E70121 /* SwipeImagesUITests.swift */,
				041F372128BA595300E70121 /* SwipeImagesUITestsLaunchTests.swift */,
			);
			path = SwipeImagesUITests;
			sourceTree = "<group>";
		};
/* End PBXGroup section */

/* Begin PBXNativeTarget section */
		041F370028BA594E00E70121 /* SwipeImages */ = {
			isa = PBXNativeTarget;
			buildConfigurationList = 041F372528BA595300E70121 /* Build configuration list for PBXNativeTarget "SwipeImages" */;
			buildPhases = (
				041F36FD28BA594E00E70121 /* Sources */,
				041F36FE28BA594E00E70121 /* Frameworks */,
				041F36FF28BA594E00E70121 /* Resources */,
			);
			buildRules = (
			);
			dependencies = (
			);
			name = SwipeImages;
			productName = SwipeImages;
			productReference = 041F370128BA594E00E70121 /* SwipeImages.app */;
			productType = "com.apple.product-type.application";
		};
		041F371028BA595300E70121 /* SwipeImagesTests */ = {
			isa = PBXNativeTarget;
			buildConfigurationList = 041F372828BA595300E70121 /* Build configuration list for PBXNativeTarget "SwipeImagesTests" */;
			buildPhases = (
				041F370D28BA595300E70121 /* Sources */,
				041F370E28BA595300E70121 /* Frameworks */,
				041F370F28BA595300E70121 /* Resources */,
			);
			buildRules = (
			);
			dependencies = (
				041F371328BA595300E70121 /* PBXTargetDependency */,
			);
			name = SwipeImagesTests;
			productName = SwipeImagesTests;
			productReference = 041F371128BA595300E70121 /* SwipeImagesTests.xctest */;
			productType = "com.apple.product-type.bundle.unit-test";
		};
		041F371A28BA595300E70121 /* SwipeImagesUITests */ = {
			isa = PBXNativeTarget;
			buildConfigurationList = 041F372B28BA595300E70121 /* Build configuration list for PBXNativeTarget "SwipeImagesUITests" */;
			buildPhases = (
				041F371728BA595300E70121 /* Sources */,
				041F371828BA595300E70121 /* Frameworks */,
				041F371928BA595300E70121 /* Resources */,
			);
			buildRules = (
			);
			dependencies = (
				041F371D28BA595300E70121 /* PBXTargetDependency */,
			);
			name = SwipeImagesUITests;
			productName = SwipeImagesUITests;
			productReference = 041F371B28BA595300E70121 /* SwipeImagesUITests.xctest */;
			productType = "com.apple.product-type.bundle.ui-testing";
		};
/* End PBXNativeTarget section */

/* Begin PBXProject section */
		041F36F928BA594E00E70121 /* Project object */ = {
			isa = PBXProject;
			attributes = {
				BuildIndependentTargetsInParallel = 1;
				LastSwiftUpdateCheck = 1340;
				LastUpgradeCheck = 1340;
				TargetAttributes = {
					041F370028BA594E00E70121 = {
						CreatedOnToolsVersion = 13.4.1;
					};
					041F371028BA595300E70121 = {
						CreatedOnToolsVersion = 13.4.1;
						TestTargetID = 041F370028BA594E00E70121;
					};
					041F371A28BA595300E70121 = {
						CreatedOnToolsVersion = 13.4.1;
						TestTargetID = 041F370028BA594E00E70121;
					};
				};
			};
			buildConfigurationList = 041F36FC28BA594E00E70121 /* Build configuration list for PBXProject "SwipeImages" */;
			compatibilityVersion = "Xcode 13.0";
			developmentRegion = en;
			hasScannedForEncodings = 0;
			knownRegions = (
				en,
				Base,
			);
			mainGroup = 041F36F828BA594E00E70121;
			productRefGroup = 041F370228BA594E00E70121 /* Products */;
			projectDirPath = "";
			projectRoot = "";
			targets = (
				041F370028BA594E00E70121 /* SwipeImages */,
				041F371028BA595300E70121 /* SwipeImagesTests */,
				041F371A28BA595300E70121 /* SwipeImagesUITests */,
			);
		};
/* End PBXProject section */

/* Begin PBXResourcesBuildPhase section */
		041F36FF28BA594E00E70121 /* Resources */ = {
			isa = PBXResourcesBuildPhase;
			buildActionMask = 2147483647;
			files = (
				041F370C28BA595200E70121 /* Preview Assets.xcassets in Resources */,
				041F370928BA595200E70121 /* Assets.xcassets in Resources */,
			);
			runOnlyForDeploymentPostprocessing = 0;
		};
		041F370F28BA595300E70121 /* Resources */ = {
			isa = PBXResourcesBuildPhase;
			buildActionMask = 2147483647;
			files = (
			);
			runOnlyForDeploymentPostprocessing = 0;
		};
		041F371928BA595300E70121 /* Resources */ = {
			isa = PBXResourcesBuildPhase;
			buildActionMask = 2147483647;
			files = (
			);
			runOnlyForDeploymentPostprocessing = 0;
		};
/* End PBXResourcesBuildPhase section */

/* Begin PBXSourcesBuildPhase section */
		041F36FD28BA594E00E70121 /* Sources */ = {
			isa = PBXSourcesBuildPhase;
			buildActionMask = 2147483647;
			files = (
				041F370728BA594E00E70121 /* ContentView.swift in Sources */,
				041F370528BA594E00E70121 /* SwipeImagesApp.swift in Sources */,
			);
			runOnlyForDeploymentPostprocessing = 0;
		};
		041F370D28BA595300E70121 /* Sources */ = {
			isa = PBXSourcesBuildPhase;
			buildActionMask = 2147483647;
			files = (
				041F371628BA595300E70121 /* SwipeImagesTests.swift in Sources */,
			);
			runOnlyForDeploymentPostprocessing = 0;
		};
		041F371728BA595300E70121 /* Sources */ = {
			isa = PBXSourcesBuildPhase;
			buildActionMask = 2147483647;
			files = (
				041F372028BA595300E70121 /* SwipeImagesUITests.swift in Sources */,
				041F372228BA595300E70121 /* SwipeImagesUITestsLaunchTests.swift in Sources */,
			);
			runOnlyForDeploymentPostprocessing = 0;
		};
/* End PBXSourcesBuildPhase section */

/* Begin PBXTargetDependency section */
		041F371328BA595300E70121 /* PBXTargetDependency */ = {
			isa = PBXTargetDependency;
			target = 041F370028BA594E00E70121 /* SwipeImages */;
			targetProxy = 041F371228BA595300E70121 /* PBXContainerItemProxy */;
		};
		041F371D28BA595300E70121 /* PBXTargetDependency */ = {
			isa = PBXTargetDependency;
			target = 041F370028BA594E00E70121 /* SwipeImages */;
			targetProxy = 041F371C28BA595300E70121 /* PBXContainerItemProxy */;
		};
/* End PBXTargetDependency section */

/* Begin XCBuildConfiguration section */
		041F372328BA595300E70121 /* Debug */ = {
			isa = XCBuildConfiguration;
			buildSettings = {
				ALWAYS_SEARCH_USER_PATHS = NO;
				CLANG_ANALYZER_NONNULL = YES;
				CLANG_ANALYZER_NUMBER_OBJECT_CONVERSION = YES_AGGRESSIVE;
				CLANG_CXX_LANGUAGE_STANDARD = "gnu++17";
				CLANG_ENABLE_MODULES = YES;
				CLANG_ENABLE_OBJC_ARC = YES;
				CLANG_ENABLE_OBJC_WEAK = YES;
				CLANG_WARN_BLOCK_CAPTURE_AUTORELEASING = YES;
				CLANG_WARN_BOOL_CONVERSION = YES;
				CLANG_WARN_COMMA = YES;
				CLANG_WARN_CONSTANT_CONVERSION = YES;
				CLANG_WARN_DEPRECATED_OBJC_IMPLEMENTATIONS = YES;
				CLANG_WARN_DIRECT_OBJC_ISA_USAGE = YES_ERROR;
				CLANG_WARN_DOCUMENTATION_COMMENTS = YES;
				CLANG_WARN_EMPTY_BODY = YES;
				CLANG_WARN_ENUM_CONVERSION = YES;
				CLANG_WARN_INFINITE_RECURSION = YES;
				CLANG_WARN_INT_CONVERSION = YES;
				CLANG_WARN_NON_LITERAL_NULL_CONVERSION = YES;
				CLANG_WARN_OBJC_IMPLICIT_RETAIN_SELF = YES;
				CLANG_WARN_OBJC_LITERAL_CONVERSION = YES;
				CLANG_WARN_OBJC_ROOT_CLASS = YES_ERROR;
				CLANG_WARN_QUOTED_INCLUDE_IN_FRAMEWORK_HEADER = YES;
				CLANG_WARN_RANGE_LOOP_ANALYSIS = YES;
				CLANG_WARN_STRICT_PROTOTYPES = YES;
				CLANG_WARN_SUSPICIOUS_MOVE = YES;
				CLANG_WARN_UNGUARDED_AVAILABILITY = YES_AGGRESSIVE;
				CLANG_WARN_UNREACHABLE_CODE = YES;
				CLANG_WARN__DUPLICATE_METHOD_MATCH = YES;
				COPY_PHASE_STRIP = NO;
				DEBUG_INFORMATION_FORMAT = dwarf;
				ENABLE_STRICT_OBJC_MSGSEND = YES;
				ENABLE_TESTABILITY = YES;
				GCC_C_LANGUAGE_STANDARD = gnu11;
				GCC_DYNAMIC_NO_PIC = NO;
				GCC_NO_COMMON_BLOCKS = YES;
				GCC_OPTIMIZATION_LEVEL = 0;
				GCC_PREPROCESSOR_DEFINITIONS = (
					"DEBUG=1",
					"$(inherited)",
				);
				GCC_WARN_64_TO_32_BIT_CONVERSION = YES;
				GCC_WARN_ABOUT_RETURN_TYPE = YES_ERROR;
				GCC_WARN_UNDECLARED_SELECTOR = YES;
				GCC_WARN_UNINITIALIZED_AUTOS = YES_AGGRESSIVE;
				GCC_WARN_UNUSED_FUNCTION = YES;
				GCC_WARN_UNUSED_VARIABLE = YES;
				IPHONEOS_DEPLOYMENT_TARGET = 15.5;
				MTL_ENABLE_DEBUG_INFO = INCLUDE_SOURCE;
				MTL_FAST_MATH = YES;
				ONLY_ACTIVE_ARCH = YES;
				SDKROOT = iphoneos;
				SWIFT_ACTIVE_COMPILATION_CONDITIONS = DEBUG;
				SWIFT_OPTIMIZATION_LEVEL = "-Onone";
			};
			name = Debug;
		};
		041F372428BA595300E70121 /* Release */ = {
			isa = XCBuildConfiguration;
			buildSettings = {
				ALWAYS_SEARCH_USER_PATHS = NO;
				CLANG_ANALYZER_NONNULL = YES;
				CLANG_ANALYZER_NUMBER_OBJECT_CONVERSION = YES_AGGRESSIVE;
				CLANG_CXX_LANGUAGE_STANDARD = "gnu++17";
				CLANG_ENABLE_MODULES = YES;
				CLANG_ENABLE_OBJC_ARC = YES;
				CLANG_ENABLE_OBJC_WEAK = YES;
				CLANG_WARN_BLOCK_CAPTURE_AUTORELEASING = YES;
				CLANG_WARN_BOOL_CONVERSION = YES;
				CLANG_WARN_COMMA = YES;
				CLANG_WARN_CONSTANT_CONVERSION = YES;
				CLANG_WARN_DEPRECATED_OBJC_IMPLEMENTATIONS = YES;
				CLANG_WARN_DIRECT_OBJC_ISA_USAGE = YES_ERROR;
				CLANG_WARN_DOCUMENTATION_COMMENTS = YES;
				CLANG_WARN_EMPTY_BODY = YES;
				CLANG_WARN_ENUM_CONVERSION = YES;
				CLANG_WARN_INFINITE_RECURSION = YES;
				CLANG_WARN_INT_CONVERSION = YES;
				CLANG_WARN_NON_LITERAL_NULL_CONVERSION = YES;
				CLANG_WARN_OBJC_IMPLICIT_RETAIN_SELF = YES;
				CLANG_WARN_OBJC_LITERAL_CONVERSION = YES;
				CLANG_WARN_OBJC_ROOT_CLASS = YES_ERROR;
				CLANG_WARN_QUOTED_INCLUDE_IN_FRAMEWORK_HEADER = YES;
				CLANG_WARN_RANGE_LOOP_ANALYSIS = YES;
				CLANG_WARN_STRICT_PROTOTYPES = YES;
				CLANG_WARN_SUSPICIOUS_MOVE = YES;
				CLANG_WARN_UNGUARDED_AVAILABILITY = YES_AGGRESSIVE;
				CLANG_WARN_UNREACHABLE_CODE = YES;
				CLANG_WARN__DUPLICATE_METHOD_MATCH = YES;
				COPY_PHASE_STRIP = NO;
				DEBUG_INFORMATION_FORMAT = "dwarf-with-dsym";
				ENABLE_NS_ASSERTIONS = NO;
				ENABLE_STRICT_OBJC_MSGSEND = YES;
				GCC_C_LANGUAGE_STANDARD = gnu11;
				GCC_NO_COMMON_BLOCKS = YES;
				GCC_WARN_64_TO_32_BIT_CONVERSION = YES;
				GCC_WARN_ABOUT_RETURN_TYPE = YES_ERROR;
				GCC_WARN_UNDECLARED_SELECTOR = YES;
				GCC_WARN_UNINITIALIZED_AUTOS = YES_AGGRESSIVE;
				GCC_WARN_UNUSED_FUNCTION = YES;
				GCC_WARN_UNUSED_VARIABLE = YES;
				IPHONEOS_DEPLOYMENT_TARGET = 15.5;
				MTL_ENABLE_DEBUG_INFO = NO;
				MTL_FAST_MATH = YES;
				SDKROOT = iphoneos;
				SWIFT_COMPILATION_MODE = wholemodule;
				SWIFT_OPTIMIZATION_LEVEL = "-O";
				VALIDATE_PRODUCT = YES;
			};
			name = Release;
		};
		041F372628BA595300E70121 /* Debug */ = {
			isa = XCBuildConfiguration;
			buildSettings = {
				ASSETCATALOG_COMPILER_APPICON_NAME = AppIcon;
				ASSETCATALOG_COMPILER_GLOBAL_ACCENT_COLOR_NAME = AccentColor;
				CODE_SIGN_STYLE = Automatic;
				CURRENT_PROJECT_VERSION = 1;
				DEVELOPMENT_ASSET_PATHS = "\"SwipeImages/Preview Content\"";
				ENABLE_PREVIEWS = YES;
				GENERATE_INFOPLIST_FILE = YES;
				INFOPLIST_KEY_UIApplicationSceneManifest_Generation = YES;
				INFOPLIST_KEY_UIApplicationSupportsIndirectInputEvents = YES;
				INFOPLIST_KEY_UILaunchScreen_Generation = YES;
				INFOPLIST_KEY_UISupportedInterfaceOrientations_iPad = "UIInterfaceOrientationPortrait UIInterfaceOrientationPortraitUpsideDown UIInterfaceOrientationLandscapeLeft UIInterfaceOrientationLandscapeRight";
				INFOPLIST_KEY_UISupportedInterfaceOrientations_iPhone = "UIInterfaceOrientationPortrait UIInterfaceOrientationLandscapeLeft UIInterfaceOrientationLandscapeRight";
				LD_RUNPATH_SEARCH_PATHS = (
					"$(inherited)",
					"@executable_path/Frameworks",
				);
				MARKETING_VERSION = 1.0;
				PRODUCT_BUNDLE_IDENTIFIER = com.mledgaro.SwipeImages;
				PRODUCT_NAME = "$(TARGET_NAME)";
				SWIFT_EMIT_LOC_STRINGS = YES;
				SWIFT_VERSION = 5.0;
				TARGETED_DEVICE_FAMILY = "1,2";
			};
			name = Debug;
		};
		041F372728BA595300E70121 /* Release */ = {
			isa = XCBuildConfiguration;
			buildSettings = {
				ASSETCATALOG_COMPILER_APPICON_NAME = AppIcon;
				ASSETCATALOG_COMPILER_GLOBAL_ACCENT_COLOR_NAME = AccentColor;
				CODE_SIGN_STYLE = Automatic;
				CURRENT_PROJECT_VERSION = 1;
				DEVELOPMENT_ASSET_PATHS = "\"SwipeImages/Preview Content\"";
				ENABLE_PREVIEWS = YES;
				GENERATE_INFOPLIST_FILE = YES;
				INFOPLIST_KEY_UIApplicationSceneManifest_Generation = YES;
				INFOPLIST_KEY_UIApplicationSupportsIndirectInputEvents = YES;
				INFOPLIST_KEY_UILaunchScreen_Generation = YES;
				INFOPLIST_KEY_UISupportedInterfaceOrientations_iPad = "UIInterfaceOrientationPortrait UIInterfaceOrientationPortraitUpsideDown UIInterfaceOrientationLandscapeLeft UIInterfaceOrientationLandscapeRight";
				INFOPLIST_KEY_UISupportedInterfaceOrientations_iPhone = "UIInterfaceOrientationPortrait UIInterfaceOrientationLandscapeLeft UIInterfaceOrientationLandscapeRight";
				LD_RUNPATH_SEARCH_PATHS = (
					"$(inherited)",
					"@executable_path/Frameworks",
				);
				MARKETING_VERSION = 1.0;
				PRODUCT_BUNDLE_IDENTIFIER = com.mledgaro.SwipeImages;
				PRODUCT_NAME = "$(TARGET_NAME)";
				SWIFT_EMIT_LOC_STRINGS = YES;
				SWIFT_VERSION = 5.0;
				TARGETED_DEVICE_FAMILY = "1,2";
			};
			name = Release;
		};
		041F372928BA595300E70121 /* Debug */ = {
			isa = XCBuildConfiguration;
			buildSettings = {
				ALWAYS_EMBED_SWIFT_STANDARD_LIBRARIES = YES;
				BUNDLE_LOADER = "$(TEST_HOST)";
				CODE_SIGN_STYLE = Automatic;
				CURRENT_PROJECT_VERSION = 1;
				GENERATE_INFOPLIST_FILE = YES;
				IPHONEOS_DEPLOYMENT_TARGET = 15.5;
				MARKETING_VERSION = 1.0;
				PRODUCT_BUNDLE_IDENTIFIER = com.mledgaro.SwipeImagesTests;
				PRODUCT_NAME = "$(TARGET_NAME)";
				SWIFT_EMIT_LOC_STRINGS = NO;
				SWIFT_VERSION = 5.0;
				TARGETED_DEVICE_FAMILY = "1,2";
				TEST_HOST = "$(BUILT_PRODUCTS_DIR)/SwipeImages.app/SwipeImages";
			};
			name = Debug;
		};
		041F372A28BA595300E70121 /* Release */ = {
			isa = XCBuildConfiguration;
			buildSettings = {
				ALWAYS_EMBED_SWIFT_STANDARD_LIBRARIES = YES;
				BUNDLE_LOADER = "$(TEST_HOST)";
				CODE_SIGN_STYLE = Automatic;
				CURRENT_PROJECT_VERSION = 1;
				GENERATE_INFOPLIST_FILE = YES;
				IPHONEOS_DEPLOYMENT_TARGET = 15.5;
				MARKETING_VERSION = 1.0;
				PRODUCT_BUNDLE_IDENTIFIER = com.mledgaro.SwipeImagesTests;
				PRODUCT_NAME = "$(TARGET_NAME)";
				SWIFT_EMIT_LOC_STRINGS = NO;
				SWIFT_VERSION = 5.0;
				TARGETED_DEVICE_FAMILY = "1,2";
				TEST_HOST = "$(BUILT_PRODUCTS_DIR)/SwipeImages.app/SwipeImages";
			};
			name = Release;
		};
		041F372C28BA595300E70121 /* Debug */ = {
			isa = XCBuildConfiguration;
			buildSettings = {
				ALWAYS_EMBED_SWIFT_STANDARD_LIBRARIES = YES;
				CODE_SIGN_STYLE = Automatic;
				CURRENT_PROJECT_VERSION = 1;
				GENERATE_INFOPLIST_FILE = YES;
				MARKETING_VERSION = 1.0;
				PRODUCT_BUNDLE_IDENTIFIER = com.mledgaro.SwipeImagesUITests;
				PRODUCT_NAME = "$(TARGET_NAME)";
				SWIFT_EMIT_LOC_STRINGS = NO;
				SWIFT_VERSION = 5.0;
				TARGETED_DEVICE_FAMILY = "1,2";
				TEST_TARGET_NAME = SwipeImages;
			};
			name = Debug;
		};
		041F372D28BA595300E70121 /* Release */ = {
			isa = XCBuildConfiguration;
			buildSettings = {
				ALWAYS_EMBED_SWIFT_STANDARD_LIBRARIES = YES;
				CODE_SIGN_STYLE = Automatic;
				CURRENT_PROJECT_VERSION = 1;
				GENERATE_INFOPLIST_FILE = YES;
				MARKETING_VERSION = 1.0;
				PRODUCT_BUNDLE_IDENTIFIER = com.mledgaro.SwipeImagesUITests;
				PRODUCT_NAME = "$(TARGET_NAME)";
				SWIFT_EMIT_LOC_STRINGS = NO;
				SWIFT_VERSION = 5.0;
				TARGETED_DEVICE_FAMILY = "1,2";
				TEST_TARGET_NAME = SwipeImages;
			};
			name = Release;
		};
/* End XCBuildConfiguration section */

/* Begin XCConfigurationList section */
		041F36FC28BA594E00E70121 /* Build configuration list for PBXProject "SwipeImages" */ = {
			isa = XCConfigurationList;
			buildConfigurations = (
				041F372328BA595300E70121 /* Debug */,
				041F372428BA595300E70121 /* Release */,
			);
			defaultConfigurationIsVisible = 0;
			defaultConfigurationName = Release;
		};
		041F372528BA595300E70121 /* Build configuration list for PBXNativeTarget "SwipeImages" */ = {
			isa = XCConfigurationList;
			buildConfigurations = (
				041F372628BA595300E70121 /* Debug */,
				041F372728BA595300E70121 /* Release */,
			);
			defaultConfigurationIsVisible = 0;
			defaultConfigurationName = Release;
		};
		041F372828BA595300E70121 /* Build configuration list for PBXNativeTarget "SwipeImagesTests" */ = {
			isa = XCConfigurationList;
			buildConfigurations = (
				041F372928BA595300E70121 /* Debug */,
				041F372A28BA595300E70121 /* Release */,
			);
			defaultConfigurationIsVisible = 0;
			defaultConfigurationName = Release;
		};
		041F372B28BA595300E70121 /* Build configuration list for PBXNativeTarget "SwipeImagesUITests" */ = {
			isa = XCConfigurationList;
			buildConfigurations = (
				041F372C28BA595300E70121 /* Debug */,
				041F372D28BA595300E70121 /* Release */,
			);
			defaultConfigurationIsVisible = 0;
			defaultConfigurationName = Release;
		};
/* End XCConfigurationList section */
	};
	rootObject = 041F36F928BA594E00E70121 /* Project object */;
}
